<?xml version="1.0" encoding="utf-8"?>
<Project ToolsVersion="4.0" xmlns="http://schemas.microsoft.com/developer/msbuild/2003">
  <ItemGroup>
    <Filter Include="Source Files">
      <UniqueIdentifier>{4FC737F1-C7A5-4376-A066-2A32D752A2FF}</UniqueIdentifier>
      <Extensions>cpp;c;cc;cxx;c++;cppm;ixx;def;odl;idl;hpj;bat;asm;asmx</Extensions>
    </Filter>
    <Filter Include="Header Files">
      <UniqueIdentifier>{93995380-89BD-4b04-88EB-625FBE52EBFB}</UniqueIdentifier>
      <Extensions>h;hh;hpp;hxx;h++;hm;inl;inc;ipp;xsd</Extensions>
    </Filter>
    <Filter Include="Resource Files">
      <UniqueIdentifier>{67DA6AB6-F800-4c08-8B7A-83BB121AAD01}</UniqueIdentifier>
      <Extensions>rc;ico;cur;bmp;dlg;rc2;rct;bin;rgs;gif;jpg;jpeg;jpe;resx;tiff;tif;png;wav;mfcribbon-ms</Extensions>
    </Filter>
    <Filter Include="SDK">
      <UniqueIdentifier>{287c3d31-d9c4-4202-9ca3-2cee0502ff9e}</UniqueIdentifier>
    </Filter>
    <Filter Include="SDK\Geometry">
      <UniqueIdentifier>{f63a27d8-fd3a-4173-b501-f22613332b2e}</UniqueIdentifier>
    </Filter>
    <Filter Include="SDK\Math">
      <UniqueIdentifier>{f07a34a0-a7a4-45e3-8ec4-002c1d90ba25}</UniqueIdentifier>
    </Filter>
    <Filter Include="SDK\Model">
      <UniqueIdentifier>{62189090-a45a-4e09-a37b-a308fafeb2bb}</UniqueIdentifier>
    </Filter>
    <Filter Include="SDK\Renderer">
      <UniqueIdentifier>{c28e9d35-9b84-4e95-a2d3-955acf9f4e54}</UniqueIdentifier>
    </Filter>
    <Filter Include="SDK\Renderer\OpenGL">
      <UniqueIdentifier>{bbb14234-f7af-49b4-aefb-422b2e17d2d6}</UniqueIdentifier>
    </Filter>
    <Filter Include="SDK\Voxel">
      <UniqueIdentifier>{7cda0c90-b3ed-4e32-b13e-29bf22399bb1}</UniqueIdentifier>
    </Filter>
    <Filter Include="SDK\Buffer">
      <UniqueIdentifier>{99e47208-7c7e-4924-b5be-7fa46aab4ec1}</UniqueIdentifier>
    </Filter>
  </ItemGroup>
  <ItemGroup>
    <ClInclude Include="Resource.h">
      <Filter>Header Files</Filter>
    </ClInclude>
    <ClInclude Include="..\..\SDK\Math\DWF_Matrix4x4.h">
      <Filter>SDK\Math</Filter>
    </ClInclude>
    <ClInclude Include="..\..\SDK\Math\DWF_Vector3.h">
      <Filter>SDK\Math</Filter>
    </ClInclude>
    <ClInclude Include="..\..\SDK\Model\DWF_ModelFactory.h">
      <Filter>SDK\Model</Filter>
    </ClInclude>
    <ClInclude Include="..\..\SDK\Model\DWF_Texture.h">
      <Filter>SDK\Model</Filter>
    </ClInclude>
    <ClInclude Include="..\..\SDK\Renderer\DWF_Renderer.h">
      <Filter>SDK\Renderer</Filter>
    </ClInclude>
    <ClInclude Include="..\..\SDK\Renderer\DWF_Shader.h">
      <Filter>SDK\Renderer</Filter>
    </ClInclude>
    <ClInclude Include="..\..\SDK\Renderer\OpenGL\DWF_Renderer_OpenGL.h">
      <Filter>SDK\Renderer\OpenGL</Filter>
    </ClInclude>
    <ClInclude Include="..\..\SDK\Renderer\OpenGL\DWF_Shader_OpenGL.h">
      <Filter>SDK\Renderer\OpenGL</Filter>
    </ClInclude>
    <ClInclude Include="..\..\SDK\Renderer\OpenGL\DWF_Texture_OpenGL.h">
      <Filter>SDK\Renderer\OpenGL</Filter>
    </ClInclude>
    <ClInclude Include="..\..\SDK\Model\DWF_Material.h">
      <Filter>SDK\Model</Filter>
    </ClInclude>
    <ClInclude Include="..\..\SDK\Model\DWF_Model.h">
      <Filter>SDK\Model</Filter>
    </ClInclude>
    <ClInclude Include="..\..\SDK\Voxel\DWF_Voxel.h">
      <Filter>SDK\Voxel</Filter>
    </ClInclude>
    <ClInclude Include="..\..\SDK\Voxel\DWF_VoxelAsset.h">
      <Filter>SDK\Voxel</Filter>
    </ClInclude>
    <ClInclude Include="..\..\SDK\Voxel\DWF_Voxels.h">
      <Filter>SDK\Voxel</Filter>
    </ClInclude>
    <ClInclude Include="..\..\SDK\Geometry\DWF_Box.h">
      <Filter>SDK\Geometry</Filter>
    </ClInclude>
    <ClInclude Include="..\..\SDK\Buffer\DWF_Buffer.h">
      <Filter>SDK\Buffer</Filter>
    </ClInclude>
    <ClInclude Include="..\..\SDK\Buffer\DWF_FileBuffer.h">
      <Filter>SDK\Buffer</Filter>
    </ClInclude>
    <ClInclude Include="..\..\SDK\Buffer\DWF_MemoryBuffer.h">
      <Filter>SDK\Buffer</Filter>
    </ClInclude>
    <ClInclude Include="..\..\SDK\Buffer\DWF_PixelBuffer.h">
      <Filter>SDK\Buffer</Filter>
    </ClInclude>
    <ClInclude Include="..\..\SDK\Buffer\DWF_StdFileBuffer.h">
      <Filter>SDK\Buffer</Filter>
    </ClInclude>
    <ClInclude Include="..\..\SDK\Model\DWF_Color.h">
      <Filter>SDK\Model</Filter>
    </ClInclude>
    <ClInclude Include="..\..\SDK\Renderer\OpenGL\DWF_Shader_Collection_OpenGL.h">
      <Filter>SDK\Renderer\OpenGL</Filter>
    </ClInclude>
  </ItemGroup>
  <ItemGroup>
    <ClCompile Include="Voxelizer.cpp">
      <Filter>Source Files</Filter>
    </ClCompile>
    <ClCompile Include="..\..\SDK\Math\DWF_Matrix4x4.cpp">
      <Filter>SDK\Math</Filter>
    </ClCompile>
    <ClCompile Include="..\..\SDK\Math\DWF_Vector3.cpp">
      <Filter>SDK\Math</Filter>
    </ClCompile>
    <ClCompile Include="..\..\SDK\Model\DWF_ModelFactory.cpp">
      <Filter>SDK\Model</Filter>
    </ClCompile>
    <ClCompile Include="..\..\SDK\Model\DWF_Texture.cpp">
      <Filter>SDK\Model</Filter>
    </ClCompile>
    <ClCompile Include="..\..\SDK\Renderer\DWF_Renderer.cpp">
      <Filter>SDK\Renderer</Filter>
    </ClCompile>
    <ClCompile Include="..\..\SDK\Renderer\DWF_Shader.cpp">
      <Filter>SDK\Renderer</Filter>
    </ClCompile>
    <ClCompile Include="..\..\SDK\Renderer\OpenGL\DWF_Renderer_OpenGL.cpp">
      <Filter>SDK\Renderer\OpenGL</Filter>
    </ClCompile>
    <ClCompile Include="..\..\SDK\Renderer\OpenGL\DWF_Shader_OpenGL.cpp">
      <Filter>SDK\Renderer\OpenGL</Filter>
    </ClCompile>
    <ClCompile Include="..\..\SDK\Renderer\OpenGL\DWF_Texture_OpenGL.cpp">
      <Filter>SDK\Renderer\OpenGL</Filter>
    </ClCompile>
    <ClCompile Include="..\..\SDK\Model\DWF_Material.cpp">
      <Filter>SDK\Model</Filter>
    </ClCompile>
    <ClCompile Include="..\..\SDK\Model\DWF_Model.cpp">
      <Filter>SDK\Model</Filter>
    </ClCompile>
    <ClCompile Include="..\..\SDK\Voxel\DWF_Voxel.cpp">
      <Filter>SDK\Voxel</Filter>
    </ClCompile>
    <ClCompile Include="..\..\SDK\Voxel\DWF_VoxelAsset.cpp">
      <Filter>SDK\Voxel</Filter>
    </ClCompile>
    <ClCompile Include="..\..\SDK\Voxel\DWF_Voxels.cpp">
      <Filter>SDK\Voxel</Filter>
    </ClCompile>
    <ClCompile Include="..\..\SDK\Geometry\DWF_Box.cpp">
      <Filter>SDK\Geometry</Filter>
    </ClCompile>
    <ClCompile Include="..\..\SDK\Buffer\DWF_Buffer.cpp">
      <Filter>SDK\Buffer</Filter>
    </ClCompile>
    <ClCompile Include="..\..\SDK\Buffer\DWF_FileBuffer.cpp">
      <Filter>SDK\Buffer</Filter>
    </ClCompile>
    <ClCompile Include="..\..\SDK\Buffer\DWF_MemoryBuffer.cpp">
      <Filter>SDK\Buffer</Filter>
    </ClCompile>
    <ClCompile Include="..\..\SDK\Buffer\DWF_PixelBuffer.cpp">
      <Filter>SDK\Buffer</Filter>
    </ClCompile>
    <ClCompile Include="..\..\SDK\Buffer\DWF_StdFileBuffer.cpp">
      <Filter>SDK\Buffer</Filter>
    </ClCompile>
    <ClCompile Include="..\..\SDK\Model\DWF_Color.cpp">
      <Filter>SDK\Model</Filter>
    </ClCompile>
    <ClCompile Include="..\..\SDK\Renderer\OpenGL\DWF_Shader_Collection_OpenGL.cpp">
      <Filter>SDK\Renderer\OpenGL</Filter>
    </ClCompile>
  </ItemGroup>
  <ItemGroup>
    <ResourceCompile Include="Voxelizer.rc">
      <Filter>Resource Files</Filter>
    </ResourceCompile>
  </ItemGroup>
  <ItemGroup>
    <Image Include="..\..\Common\Icons\Windows\DwarfStar.ico">
      <Filter>Resource Files</Filter>
    </Image>
  </ItemGroup>
</Project>