<?xml version="1.0" encoding="utf-8"?>
<Project ToolsVersion="4.0" xmlns="http://schemas.microsoft.com/developer/msbuild/2003">
  <ItemGroup>
    <Filter Include="Source Files">
      <UniqueIdentifier>{4FC737F1-C7A5-4376-A066-2A32D752A2FF}</UniqueIdentifier>
      <Extensions>cpp;c;cc;cxx;c++;cppm;ixx;def;odl;idl;hpj;bat;asm;asmx</Extensions>
    </Filter>
    <Filter Include="Header Files">
      <UniqueIdentifier>{93995380-89BD-4b04-88EB-625FBE52EBFB}</UniqueIdentifier>
      <Extensions>h;hh;hpp;hxx;h++;hm;inl;inc;ipp;xsd</Extensions>
    </Filter>
    <Filter Include="Resource Files">
      <UniqueIdentifier>{67DA6AB6-F800-4c08-8B7A-83BB121AAD01}</UniqueIdentifier>
      <Extensions>rc;ico;cur;bmp;dlg;rc2;rct;bin;rgs;gif;jpg;jpeg;jpe;resx;tiff;tif;png;wav;mfcribbon-ms</Extensions>
    </Filter>
    <Filter Include="SDK">
      <UniqueIdentifier>{53658a8a-7b20-4529-aca6-1c0cddda7b87}</UniqueIdentifier>
    </Filter>
    <Filter Include="SDK\Base">
      <UniqueIdentifier>{99d0a2f3-db23-4bf1-84ad-eb490a979578}</UniqueIdentifier>
    </Filter>
    <Filter Include="SDK\Core">
      <UniqueIdentifier>{d42d78d7-bba9-45a0-ab1f-f5c6fe42f4c6}</UniqueIdentifier>
    </Filter>
    <Filter Include="SDK\Rendering">
      <UniqueIdentifier>{b99d18f8-7299-4337-b1fe-f197d0f7f138}</UniqueIdentifier>
    </Filter>
    <Filter Include="SDK\Rendering\OpenGL">
      <UniqueIdentifier>{f1aac922-75b0-4e0a-8267-faca93e67bd4}</UniqueIdentifier>
    </Filter>
  </ItemGroup>
  <ItemGroup>
    <ClInclude Include="framework.h">
      <Filter>Header Files</Filter>
    </ClInclude>
    <ClInclude Include="targetver.h">
      <Filter>Header Files</Filter>
    </ClInclude>
    <ClInclude Include="Resource.h">
      <Filter>Header Files</Filter>
    </ClInclude>
    <ClInclude Include="Landscape.h">
      <Filter>Header Files</Filter>
    </ClInclude>
    <ClInclude Include="..\..\SDK\Base\DWF_Buffer.h">
      <Filter>SDK\Base</Filter>
    </ClInclude>
    <ClInclude Include="..\..\SDK\Base\DWF_FileBuffer.h">
      <Filter>SDK\Base</Filter>
    </ClInclude>
    <ClInclude Include="..\..\SDK\Base\DWF_MathHelper.h">
      <Filter>SDK\Base</Filter>
    </ClInclude>
    <ClInclude Include="..\..\SDK\Base\DWF_MemoryBuffer.h">
      <Filter>SDK\Base</Filter>
    </ClInclude>
    <ClInclude Include="..\..\SDK\Base\DWF_StdFileBuffer.h">
      <Filter>SDK\Base</Filter>
    </ClInclude>
    <ClInclude Include="..\..\SDK\Base\DWF_StringHelper.h">
      <Filter>SDK\Base</Filter>
    </ClInclude>
    <ClInclude Include="..\..\SDK\Core\DWF_AABBTree.h">
      <Filter>SDK\Core</Filter>
    </ClInclude>
    <ClInclude Include="..\..\SDK\Core\DWF_Box.h">
      <Filter>SDK\Core</Filter>
    </ClInclude>
    <ClInclude Include="..\..\SDK\Core\DWF_Capsule.h">
      <Filter>SDK\Core</Filter>
    </ClInclude>
    <ClInclude Include="..\..\SDK\Core\DWF_Collider.h">
      <Filter>SDK\Core</Filter>
    </ClInclude>
    <ClInclude Include="..\..\SDK\Core\DWF_Collider_Box.h">
      <Filter>SDK\Core</Filter>
    </ClInclude>
    <ClInclude Include="..\..\SDK\Core\DWF_Collider_Capsule.h">
      <Filter>SDK\Core</Filter>
    </ClInclude>
    <ClInclude Include="..\..\SDK\Core\DWF_Collider_Sphere.h">
      <Filter>SDK\Core</Filter>
    </ClInclude>
    <ClInclude Include="..\..\SDK\Core\DWF_Color.h">
      <Filter>SDK\Core</Filter>
    </ClInclude>
    <ClInclude Include="..\..\SDK\Core\DWF_Drawable.h">
      <Filter>SDK\Core</Filter>
    </ClInclude>
    <ClInclude Include="..\..\SDK\Core\DWF_Entity.h">
      <Filter>SDK\Core</Filter>
    </ClInclude>
    <ClInclude Include="..\..\SDK\Core\DWF_Line.h">
      <Filter>SDK\Core</Filter>
    </ClInclude>
    <ClInclude Include="..\..\SDK\Core\DWF_Material.h">
      <Filter>SDK\Core</Filter>
    </ClInclude>
    <ClInclude Include="..\..\SDK\Core\DWF_Matrix3x3.h">
      <Filter>SDK\Core</Filter>
    </ClInclude>
    <ClInclude Include="..\..\SDK\Core\DWF_Matrix4x4.h">
      <Filter>SDK\Core</Filter>
    </ClInclude>
    <ClInclude Include="..\..\SDK\Core\DWF_Mesh.h">
      <Filter>SDK\Core</Filter>
    </ClInclude>
    <ClInclude Include="..\..\SDK\Core\DWF_MeshFactory.h">
      <Filter>SDK\Core</Filter>
    </ClInclude>
    <ClInclude Include="..\..\SDK\Core\DWF_Model.h">
      <Filter>SDK\Core</Filter>
    </ClInclude>
    <ClInclude Include="..\..\SDK\Core\DWF_Object.h">
      <Filter>SDK\Core</Filter>
    </ClInclude>
    <ClInclude Include="..\..\SDK\Core\DWF_Plane.h">
      <Filter>SDK\Core</Filter>
    </ClInclude>
    <ClInclude Include="..\..\SDK\Core\DWF_Polygon.h">
      <Filter>SDK\Core</Filter>
    </ClInclude>
    <ClInclude Include="..\..\SDK\Core\DWF_Quaternion.h">
      <Filter>SDK\Core</Filter>
    </ClInclude>
    <ClInclude Include="..\..\SDK\Core\DWF_Ray.h">
      <Filter>SDK\Core</Filter>
    </ClInclude>
    <ClInclude Include="..\..\SDK\Core\DWF_Renderer.h">
      <Filter>SDK\Core</Filter>
    </ClInclude>
    <ClInclude Include="..\..\SDK\Core\DWF_Shader.h">
      <Filter>SDK\Core</Filter>
    </ClInclude>
    <ClInclude Include="..\..\SDK\Core\DWF_Sphere.h">
      <Filter>SDK\Core</Filter>
    </ClInclude>
    <ClInclude Include="..\..\SDK\Core\DWF_Texture.h">
      <Filter>SDK\Core</Filter>
    </ClInclude>
    <ClInclude Include="..\..\SDK\Core\DWF_Vector2.h">
      <Filter>SDK\Core</Filter>
    </ClInclude>
    <ClInclude Include="..\..\SDK\Core\DWF_Vector3.h">
      <Filter>SDK\Core</Filter>
    </ClInclude>
    <ClInclude Include="..\..\SDK\Core\DWF_VertexBuffer.h">
      <Filter>SDK\Core</Filter>
    </ClInclude>
    <ClInclude Include="..\..\SDK\Rendering\OpenGL\DWF_Renderer_OpenGL.h">
      <Filter>SDK\Rendering\OpenGL</Filter>
    </ClInclude>
    <ClInclude Include="..\..\SDK\Rendering\OpenGL\DWF_Shader_OpenGL.h">
      <Filter>SDK\Rendering\OpenGL</Filter>
    </ClInclude>
    <ClInclude Include="..\..\SDK\Rendering\OpenGL\DWF_Texture_OpenGL.h">
      <Filter>SDK\Rendering\OpenGL</Filter>
    </ClInclude>
    <ClInclude Include="..\..\SDK\Base\DWF_PixelBuffer.h">
      <Filter>SDK\Base</Filter>
    </ClInclude>
    <ClInclude Include="..\..\SDK\Core\DWF_Camera.h">
      <Filter>SDK\Core</Filter>
    </ClInclude>
  </ItemGroup>
  <ItemGroup>
    <ClCompile Include="Landscape.cpp">
      <Filter>Source Files</Filter>
    </ClCompile>
    <ClCompile Include="..\..\SDK\Base\DWF_Buffer.cpp">
      <Filter>SDK\Base</Filter>
    </ClCompile>
    <ClCompile Include="..\..\SDK\Base\DWF_FileBuffer.cpp">
      <Filter>SDK\Base</Filter>
    </ClCompile>
    <ClCompile Include="..\..\SDK\Base\DWF_MathHelper.cpp">
      <Filter>SDK\Base</Filter>
    </ClCompile>
    <ClCompile Include="..\..\SDK\Base\DWF_MemoryBuffer.cpp">
      <Filter>SDK\Base</Filter>
    </ClCompile>
    <ClCompile Include="..\..\SDK\Base\DWF_StdFileBuffer.cpp">
      <Filter>SDK\Base</Filter>
    </ClCompile>
    <ClCompile Include="..\..\SDK\Base\DWF_StringHelper.cpp">
      <Filter>SDK\Base</Filter>
    </ClCompile>
    <ClCompile Include="..\..\SDK\Core\DWF_AABBTree.cpp">
      <Filter>SDK\Core</Filter>
    </ClCompile>
    <ClCompile Include="..\..\SDK\Core\DWF_Box.cpp">
      <Filter>SDK\Core</Filter>
    </ClCompile>
    <ClCompile Include="..\..\SDK\Core\DWF_Capsule.cpp">
      <Filter>SDK\Core</Filter>
    </ClCompile>
    <ClCompile Include="..\..\SDK\Core\DWF_Collider.cpp">
      <Filter>SDK\Core</Filter>
    </ClCompile>
    <ClCompile Include="..\..\SDK\Core\DWF_Collider_Box.cpp">
      <Filter>SDK\Core</Filter>
    </ClCompile>
    <ClCompile Include="..\..\SDK\Core\DWF_Collider_Capsule.cpp">
      <Filter>SDK\Core</Filter>
    </ClCompile>
    <ClCompile Include="..\..\SDK\Core\DWF_Collider_Sphere.cpp">
      <Filter>SDK\Core</Filter>
    </ClCompile>
    <ClCompile Include="..\..\SDK\Core\DWF_Color.cpp">
      <Filter>SDK\Core</Filter>
    </ClCompile>
    <ClCompile Include="..\..\SDK\Core\DWF_Drawable.cpp">
      <Filter>SDK\Core</Filter>
    </ClCompile>
    <ClCompile Include="..\..\SDK\Core\DWF_Entity.cpp">
      <Filter>SDK\Core</Filter>
    </ClCompile>
    <ClCompile Include="..\..\SDK\Core\DWF_Line.cpp">
      <Filter>SDK\Core</Filter>
    </ClCompile>
    <ClCompile Include="..\..\SDK\Core\DWF_Material.cpp">
      <Filter>SDK\Core</Filter>
    </ClCompile>
    <ClCompile Include="..\..\SDK\Core\DWF_Matrix3x3.cpp">
      <Filter>SDK\Core</Filter>
    </ClCompile>
    <ClCompile Include="..\..\SDK\Core\DWF_Matrix4x4.cpp">
      <Filter>SDK\Core</Filter>
    </ClCompile>
    <ClCompile Include="..\..\SDK\Core\DWF_Mesh.cpp">
      <Filter>SDK\Core</Filter>
    </ClCompile>
    <ClCompile Include="..\..\SDK\Core\DWF_MeshFactory.cpp">
      <Filter>SDK\Core</Filter>
    </ClCompile>
    <ClCompile Include="..\..\SDK\Core\DWF_Model.cpp">
      <Filter>SDK\Core</Filter>
    </ClCompile>
    <ClCompile Include="..\..\SDK\Core\DWF_Object.cpp">
      <Filter>SDK\Core</Filter>
    </ClCompile>
    <ClCompile Include="..\..\SDK\Core\DWF_Plane.cpp">
      <Filter>SDK\Core</Filter>
    </ClCompile>
    <ClCompile Include="..\..\SDK\Core\DWF_Polygon.cpp">
      <Filter>SDK\Core</Filter>
    </ClCompile>
    <ClCompile Include="..\..\SDK\Core\DWF_Quaternion.cpp">
      <Filter>SDK\Core</Filter>
    </ClCompile>
    <ClCompile Include="..\..\SDK\Core\DWF_Ray.cpp">
      <Filter>SDK\Core</Filter>
    </ClCompile>
    <ClCompile Include="..\..\SDK\Core\DWF_Renderer.cpp">
      <Filter>SDK\Core</Filter>
    </ClCompile>
    <ClCompile Include="..\..\SDK\Core\DWF_Shader.cpp">
      <Filter>SDK\Core</Filter>
    </ClCompile>
    <ClCompile Include="..\..\SDK\Core\DWF_Sphere.cpp">
      <Filter>SDK\Core</Filter>
    </ClCompile>
    <ClCompile Include="..\..\SDK\Core\DWF_Texture.cpp">
      <Filter>SDK\Core</Filter>
    </ClCompile>
    <ClCompile Include="..\..\SDK\Core\DWF_Vector2.cpp">
      <Filter>SDK\Core</Filter>
    </ClCompile>
    <ClCompile Include="..\..\SDK\Core\DWF_Vector3.cpp">
      <Filter>SDK\Core</Filter>
    </ClCompile>
    <ClCompile Include="..\..\SDK\Core\DWF_VertexBuffer.cpp">
      <Filter>SDK\Core</Filter>
    </ClCompile>
    <ClCompile Include="..\..\SDK\Rendering\OpenGL\DWF_Renderer_OpenGL.cpp">
      <Filter>SDK\Rendering\OpenGL</Filter>
    </ClCompile>
    <ClCompile Include="..\..\SDK\Rendering\OpenGL\DWF_Shader_OpenGL.cpp">
      <Filter>SDK\Rendering\OpenGL</Filter>
    </ClCompile>
    <ClCompile Include="..\..\SDK\Rendering\OpenGL\DWF_Texture_OpenGL.cpp">
      <Filter>SDK\Rendering\OpenGL</Filter>
    </ClCompile>
    <ClCompile Include="..\..\SDK\Base\DWF_PixelBuffer.cpp">
      <Filter>SDK\Base</Filter>
    </ClCompile>
    <ClCompile Include="..\..\SDK\Core\DWF_Camera.cpp">
      <Filter>SDK\Core</Filter>
    </ClCompile>
  </ItemGroup>
  <ItemGroup>
    <ResourceCompile Include="Landscape.rc">
      <Filter>Resource Files</Filter>
    </ResourceCompile>
  </ItemGroup>
  <ItemGroup>
    <Image Include="small.ico">
      <Filter>Resource Files</Filter>
    </Image>
    <Image Include="Landscape.ico">
      <Filter>Resource Files</Filter>
    </Image>
  </ItemGroup>
</Project>